// !$*UTF8*$!
{
	archiveVersion = 1;
	classes = {
	};
	objectVersion = 46;
	objects = {

/* Begin PBXBuildFile section */
		A14EC8311757249E002379C8 /* Foundation.framework in Frameworks */ = {isa = PBXBuildFile; fileRef = A14EC8301757249E002379C8 /* Foundation.framework */; };
		A14EC8361757249E002379C8 /* NRAK.h in CopyFiles */ = {isa = PBXBuildFile; fileRef = A14EC8351757249E002379C8 /* NRAK.h */; };
		A14EC8381757249E002379C8 /* NRAK.m in Sources */ = {isa = PBXBuildFile; fileRef = A14EC8371757249E002379C8 /* NRAK.m */; };
		A14EC84B17573185002379C8 /* NRAKServices.m in Sources */ = {isa = PBXBuildFile; fileRef = A14EC84A17573185002379C8 /* NRAKServices.m */; };
		A14EC84E175731B0002379C8 /* NSObject+NRAKBaseModel.m in Sources */ = {isa = PBXBuildFile; fileRef = A14EC84D175731B0002379C8 /* NSObject+NRAKBaseModel.m */; };
		A14EC858175732BA002379C8 /* NRAKBaseService.m in Sources */ = {isa = PBXBuildFile; fileRef = A14EC857175732BA002379C8 /* NRAKBaseService.m */; };
/* End PBXBuildFile section */

/* Begin PBXCopyFilesBuildPhase section */
		A14EC82B1757249E002379C8 /* CopyFiles */ = {
			isa = PBXCopyFilesBuildPhase;
			buildActionMask = 2147483647;
			dstPath = "include/${PRODUCT_NAME}";
			dstSubfolderSpec = 16;
			files = (
				A14EC8361757249E002379C8 /* NRAK.h in CopyFiles */,
			);
			runOnlyForDeploymentPostprocessing = 0;
		};
/* End PBXCopyFilesBuildPhase section */

/* Begin PBXFileReference section */
		A14EC82D1757249E002379C8 /* libNRAK.a */ = {isa = PBXFileReference; explicitFileType = archive.ar; includeInIndex = 0; path = libNRAK.a; sourceTree = BUILT_PRODUCTS_DIR; };
		A14EC8301757249E002379C8 /* Foundation.framework */ = {isa = PBXFileReference; lastKnownFileType = wrapper.framework; name = Foundation.framework; path = System/Library/Frameworks/Foundation.framework; sourceTree = SDKROOT; };
		A14EC8341757249E002379C8 /* NRAK-Prefix.pch */ = {isa = PBXFileReference; lastKnownFileType = sourcecode.c.h; path = "NRAK-Prefix.pch"; sourceTree = "<group>"; };
		A14EC8351757249E002379C8 /* NRAK.h */ = {isa = PBXFileReference; lastKnownFileType = sourcecode.c.h; path = NRAK.h; sourceTree = "<group>"; };
		A14EC8371757249E002379C8 /* NRAK.m */ = {isa = PBXFileReference; lastKnownFileType = sourcecode.c.objc; path = NRAK.m; sourceTree = "<group>"; };
		A14EC84917573185002379C8 /* NRAKServices.h */ = {isa = PBXFileReference; fileEncoding = 4; lastKnownFileType = sourcecode.c.h; path = NRAKServices.h; sourceTree = "<group>"; };
		A14EC84A17573185002379C8 /* NRAKServices.m */ = {isa = PBXFileReference; fileEncoding = 4; lastKnownFileType = sourcecode.c.objc; path = NRAKServices.m; sourceTree = "<group>"; };
		A14EC84C175731B0002379C8 /* NSObject+NRAKBaseModel.h */ = {isa = PBXFileReference; fileEncoding = 4; lastKnownFileType = sourcecode.c.h; path = "NSObject+NRAKBaseModel.h"; sourceTree = "<group>"; };
		A14EC84D175731B0002379C8 /* NSObject+NRAKBaseModel.m */ = {isa = PBXFileReference; fileEncoding = 4; lastKnownFileType = sourcecode.c.objc; path = "NSObject+NRAKBaseModel.m"; sourceTree = "<group>"; };
		A14EC850175731DC002379C8 /* NRAKCaching.h */ = {isa = PBXFileReference; fileEncoding = 4; lastKnownFileType = sourcecode.c.h; path = NRAKCaching.h; sourceTree = "<group>"; };
		A14EC85117573222002379C8 /* NRAKCategories.h */ = {isa = PBXFileReference; fileEncoding = 4; lastKnownFileType = sourcecode.c.h; path = NRAKCategories.h; sourceTree = "<group>"; };
		A14EC8521757322C002379C8 /* NRAKModels.h */ = {isa = PBXFileReference; lastKnownFileType = sourcecode.c.h; path = NRAKModels.h; sourceTree = "<group>"; };
		A14EC856175732BA002379C8 /* NRAKBaseService.h */ = {isa = PBXFileReference; fileEncoding = 4; lastKnownFileType = sourcecode.c.h; path = NRAKBaseService.h; sourceTree = "<group>"; };
		A14EC857175732BA002379C8 /* NRAKBaseService.m */ = {isa = PBXFileReference; fileEncoding = 4; lastKnownFileType = sourcecode.c.objc; path = NRAKBaseService.m; sourceTree = "<group>"; };
/* End PBXFileReference section */

/* Begin PBXFrameworksBuildPhase section */
		A14EC82A1757249E002379C8 /* Frameworks */ = {
			isa = PBXFrameworksBuildPhase;
			buildActionMask = 2147483647;
			files = (
				A14EC8311757249E002379C8 /* Foundation.framework in Frameworks */,
			);
			runOnlyForDeploymentPostprocessing = 0;
		};
/* End PBXFrameworksBuildPhase section */

/* Begin PBXGroup section */
		A14EC8241757249E002379C8 = {
			isa = PBXGroup;
			children = (
				A14EC8321757249E002379C8 /* NRAK */,
				A14EC82F1757249E002379C8 /* Frameworks */,
				A14EC82E1757249E002379C8 /* Products */,
			);
			sourceTree = "<group>";
		};
		A14EC82E1757249E002379C8 /* Products */ = {
			isa = PBXGroup;
			children = (
				A14EC82D1757249E002379C8 /* libNRAK.a */,
			);
			name = Products;
			sourceTree = "<group>";
		};
		A14EC82F1757249E002379C8 /* Frameworks */ = {
			isa = PBXGroup;
			children = (
				A14EC8301757249E002379C8 /* Foundation.framework */,
			);
			name = Frameworks;
			sourceTree = "<group>";
		};
		A14EC8321757249E002379C8 /* NRAK */ = {
			isa = PBXGroup;
			children = (
				A14EC8441757316C002379C8 /* Source */,
				A14EC8351757249E002379C8 /* NRAK.h */,
				A14EC8371757249E002379C8 /* NRAK.m */,
				A14EC8331757249E002379C8 /* Supporting Files */,
			);
			path = NRAK;
			sourceTree = "<group>";
		};
		A14EC8331757249E002379C8 /* Supporting Files */ = {
			isa = PBXGroup;
			children = (
				A14EC8341757249E002379C8 /* NRAK-Prefix.pch */,
			);
			name = "Supporting Files";
			sourceTree = "<group>";
		};
		A14EC8441757316C002379C8 /* Source */ = {
			isa = PBXGroup;
			children = (
				A14EC8451757316C002379C8 /* Categories */,
				A14EC8461757316C002379C8 /* Models */,
				A14EC8471757316C002379C8 /* Services */,
				A14EC8481757316C002379C8 /* Views */,
			);
			path = Source;
			sourceTree = "<group>";
		};
		A14EC8451757316C002379C8 /* Categories */ = {
			isa = PBXGroup;
			children = (
				A14EC84C175731B0002379C8 /* NSObject+NRAKBaseModel.h */,
				A14EC84D175731B0002379C8 /* NSObject+NRAKBaseModel.m */,
				A14EC85117573222002379C8 /* NRAKCategories.h */,
			);
			path = Categories;
			sourceTree = "<group>";
		};
		A14EC8461757316C002379C8 /* Models */ = {
			isa = PBXGroup;
			children = (
				A14EC84F175731BE002379C8 /* Protocols */,
				A14EC8521757322C002379C8 /* NRAKModels.h */,
			);
			path = Models;
			sourceTree = "<group>";
		};
		A14EC8471757316C002379C8 /* Services */ = {
			isa = PBXGroup;
			children = (
				A14EC85517573256002379C8 /* Protocols */,
				A14EC8541757323E002379C8 /* Network */,
				A14EC85317573234002379C8 /* Cache */,
				A14EC84917573185002379C8 /* NRAKServices.h */,
				A14EC84A17573185002379C8 /* NRAKServices.m */,
				A14EC856175732BA002379C8 /* NRAKBaseService.h */,
				A14EC857175732BA002379C8 /* NRAKBaseService.m */,
			);
			path = Services;
			sourceTree = "<group>";
		};
		A14EC8481757316C002379C8 /* Views */ = {
			isa = PBXGroup;
			children = (
			);
			path = Views;
			sourceTree = "<group>";
		};
		A14EC84F175731BE002379C8 /* Protocols */ = {
			isa = PBXGroup;
			children = (
				A14EC850175731DC002379C8 /* NRAKCaching.h */,
			);
			name = Protocols;
			sourceTree = "<group>";
		};
		A14EC85317573234002379C8 /* Cache */ = {
			isa = PBXGroup;
			children = (
			);
			name = Cache;
			sourceTree = "<group>";
		};
		A14EC8541757323E002379C8 /* Network */ = {
			isa = PBXGroup;
			children = (
			);
			name = Network;
			sourceTree = "<group>";
		};
		A14EC85517573256002379C8 /* Protocols */ = {
			isa = PBXGroup;
			children = (
			);
			name = Protocols;
			sourceTree = "<group>";
		};
/* End PBXGroup section */

/* Begin PBXNativeTarget section */
		A14EC82C1757249E002379C8 /* NRAK */ = {
			isa = PBXNativeTarget;
			buildConfigurationList = A14EC83B1757249E002379C8 /* Build configuration list for PBXNativeTarget "NRAK" */;
			buildPhases = (
				A14EC8291757249E002379C8 /* Sources */,
				A14EC82A1757249E002379C8 /* Frameworks */,
				A14EC82B1757249E002379C8 /* CopyFiles */,
			);
			buildRules = (
			);
			dependencies = (
			);
			name = NRAK;
			productName = NRAK;
			productReference = A14EC82D1757249E002379C8 /* libNRAK.a */;
			productType = "com.apple.product-type.library.static";
		};
/* End PBXNativeTarget section */

/* Begin PBXProject section */
		A14EC8251757249E002379C8 /* Project object */ = {
			isa = PBXProject;
			attributes = {
				LastUpgradeCheck = 0460;
				ORGANIZATIONNAME = NiveusRosea;
			};
			buildConfigurationList = A14EC8281757249E002379C8 /* Build configuration list for PBXProject "NRAK" */;
			compatibilityVersion = "Xcode 3.2";
			developmentRegion = English;
			hasScannedForEncodings = 0;
			knownRegions = (
				en,
			);
			mainGroup = A14EC8241757249E002379C8;
			productRefGroup = A14EC82E1757249E002379C8 /* Products */;
			projectDirPath = "";
			projectRoot = "";
			targets = (
				A14EC82C1757249E002379C8 /* NRAK */,
			);
		};
/* End PBXProject section */

/* Begin PBXSourcesBuildPhase section */
		A14EC8291757249E002379C8 /* Sources */ = {
			isa = PBXSourcesBuildPhase;
			buildActionMask = 2147483647;
			files = (
				A14EC8381757249E002379C8 /* NRAK.m in Sources */,
				A14EC84B17573185002379C8 /* NRAKServices.m in Sources */,
				A14EC84E175731B0002379C8 /* NSObject+NRAKBaseModel.m in Sources */,
				A14EC858175732BA002379C8 /* NRAKBaseService.m in Sources */,
			);
			runOnlyForDeploymentPostprocessing = 0;
		};
/* End PBXSourcesBuildPhase section */

/* Begin XCBuildConfiguration section */
		A14EC8391757249E002379C8 /* Debug */ = {
			isa = XCBuildConfiguration;
			buildSettings = {
				ALWAYS_SEARCH_USER_PATHS = NO;
				CLANG_CXX_LANGUAGE_STANDARD = "gnu++0x";
				CLANG_CXX_LIBRARY = "libc++";
				CLANG_ENABLE_OBJC_ARC = YES;
				CLANG_WARN_CONSTANT_CONVERSION = YES;
				CLANG_WARN_EMPTY_BODY = YES;
				CLANG_WARN_ENUM_CONVERSION = YES;
				CLANG_WARN_INT_CONVERSION = YES;
				CLANG_WARN__DUPLICATE_METHOD_MATCH = YES;
				COPY_PHASE_STRIP = NO;
				GCC_C_LANGUAGE_STANDARD = gnu99;
				GCC_DYNAMIC_NO_PIC = NO;
				GCC_OPTIMIZATION_LEVEL = 0;
				GCC_PREPROCESSOR_DEFINITIONS = (
					"DEBUG=1",
					"$(inherited)",
				);
				GCC_SYMBOLS_PRIVATE_EXTERN = NO;
				GCC_WARN_ABOUT_RETURN_TYPE = YES;
				GCC_WARN_UNINITIALIZED_AUTOS = YES;
				GCC_WARN_UNUSED_VARIABLE = YES;
				IPHONEOS_DEPLOYMENT_TARGET = 5.0;
				ONLY_ACTIVE_ARCH = YES;
				SDKROOT = iphoneos;
			};
			name = Debug;
		};
		A14EC83A1757249E002379C8 /* Release */ = {
			isa = XCBuildConfiguration;
			buildSettings = {
				ALWAYS_SEARCH_USER_PATHS = NO;
				CLANG_CXX_LANGUAGE_STANDARD = "gnu++0x";
				CLANG_CXX_LIBRARY = "libc++";
				CLANG_ENABLE_OBJC_ARC = YES;
				CLANG_WARN_CONSTANT_CONVERSION = YES;
				CLANG_WARN_EMPTY_BODY = YES;
				CLANG_WARN_ENUM_CONVERSION = YES;
				CLANG_WARN_INT_CONVERSION = YES;
				CLANG_WARN__DUPLICATE_METHOD_MATCH = YES;
				COPY_PHASE_STRIP = YES;
				GCC_C_LANGUAGE_STANDARD = gnu99;
				GCC_WARN_ABOUT_RETURN_TYPE = YES;
				GCC_WARN_UNINITIALIZED_AUTOS = YES;
				GCC_WARN_UNUSED_VARIABLE = YES;
				IPHONEOS_DEPLOYMENT_TARGET = 5.0;
				SDKROOT = iphoneos;
				VALIDATE_PRODUCT = YES;
			};
			name = Release;
		};
		A14EC83C1757249E002379C8 /* Debug */ = {
			isa = XCBuildConfiguration;
			buildSettings = {
				DSTROOT = /tmp/NRAK.dst;
				GCC_PRECOMPILE_PREFIX_HEADER = YES;
				GCC_PREFIX_HEADER = "NRAK/NRAK-Prefix.pch";
				ONLY_ACTIVE_ARCH = NO;
				OTHER_LDFLAGS = "-ObjC";
				PRODUCT_NAME = "$(TARGET_NAME)";
				PUBLIC_HEADERS_FOLDER_PATH = "include/${PRODUCT_NAME}";
				SKIP_INSTALL = YES;
			};
			name = Debug;
		};
		A14EC83D1757249E002379C8 /* Release */ = {
			isa = XCBuildConfiguration;
			buildSettings = {
				DSTROOT = /tmp/NRAK.dst;
				GCC_PRECOMPILE_PREFIX_HEADER = YES;
				GCC_PREFIX_HEADER = "NRAK/NRAK-Prefix.pch";
				OTHER_LDFLAGS = "-ObjC";
				PRODUCT_NAME = "$(TARGET_NAME)";
				PUBLIC_HEADERS_FOLDER_PATH = "include/${PRODUCT_NAME}";
				SKIP_INSTALL = YES;
			};
			name = Release;
		};
/* End XCBuildConfiguration section */

/* Begin XCConfigurationList section */
		A14EC8281757249E002379C8 /* Build configuration list for PBXProject "NRAK" */ = {
			isa = XCConfigurationList;
			buildConfigurations = (
				A14EC8391757249E002379C8 /* Debug */,
				A14EC83A1757249E002379C8 /* Release */,
			);
			defaultConfigurationIsVisible = 0;
			defaultConfigurationName = Release;
		};
		A14EC83B1757249E002379C8 /* Build configuration list for PBXNativeTarget "NRAK" */ = {
			isa = XCConfigurationList;
			buildConfigurations = (
				A14EC83C1757249E002379C8 /* Debug */,
				A14EC83D1757249E002379C8 /* Release */,
			);
			defaultConfigurationIsVisible = 0;
			defaultConfigurationName = Release;
		};
/* End XCConfigurationList section */
	};
	rootObject = A14EC8251757249E002379C8 /* Project object */;
}
